
Microsoft Visual Studio Solution File, Format Version 12.00
# Visual Studio 15
VisualStudioVersion = 15.0.27703.2035
MinimumVisualStudioVersion = 10.0.40219.1
Project("{FAE04EC0-301F-11D3-BF4B-00C04F79EFBC}") = "WpfApp1", "WpfApp1\WpfApp1.csproj", "{962010C6-26E4-44A0-9F49-4523C4FBF351}"
EndProject
Global
	GlobalSection(SolutionConfigurationPlatforms) = preSolution
		Debug|Any CPU = Debug|Any CPU
		Release|Any CPU = Release|Any CPU
	EndGlobalSection
	GlobalSection(ProjectConfigurationPlatforms) = postSolution
		{962010C6-26E4-44A0-9F49-4523C4FBF351}.Debug|Any CPU.ActiveCfg = Debug|Any CPU
		{962010C6-26E4-44A0-9F49-4523C4FBF351}.Debug|Any CPU.Build.0 = Debug|Any CPU
		{962010C6-26E4-44A0-9F49-4523C4FBF351}.Release|Any CPU.ActiveCfg = Release|Any CPU
		{962010C6-26E4-44A0-9F49-4523C4FBF351}.Release|Any CPU.Build.0 = Release|Any CPU
	EndGlobalSection
	GlobalSection(SolutionProperties) = preSolution
		HideSolutionNode = FALSE
	EndGlobalSection
	GlobalSection(ExtensibilityGlobals) = postSolution
		SolutionGuid = {3BA08482-64C2-4A4F-87CA-DD01B7A4A2F8}
	EndGlobalSection
EndGlobal
